<?xml version="1.0" encoding="UTF-8"?>
<CodeBlocks_project_file>
	<FileVersion major="1" minor="6"/>
	<Project>
		<Option title="untitled1"/>
		<Option makefile_is_custom="1"/>
		<Option compiler="gcc"/>
		<Option virtualFolders="CMake Files\;"/>
		<Build>
			<Target title="all">
				<Option working_dir="/Users/yanan/CLionProjects/untitled1/cmake-build-debug"/>
				<Option type="4"/>
				<MakeCommands>
					<Build command="/usr/bin/make -j8 -f &quot;/Users/yanan/CLionProjects/untitled1/cmake-build-debug/Makefile&quot;  VERBOSE=1 all"/>
					<CompileFile command="/usr/bin/make -j8 -f &quot;/Users/yanan/CLionProjects/untitled1/cmake-build-debug/Makefile&quot;  VERBOSE=1 &quot;$file&quot;"/>
					<Clean command="/usr/bin/make -j8 -f &quot;/Users/yanan/CLionProjects/untitled1/cmake-build-debug/Makefile&quot;  VERBOSE=1 clean"/>
					<DistClean command="/usr/bin/make -j8 -f &quot;/Users/yanan/CLionProjects/untitled1/cmake-build-debug/Makefile&quot;  VERBOSE=1 clean"/>
				</MakeCommands>
			</Target>
			<Target title="rebuild_cache">
				<Option working_dir="/Users/yanan/CLionProjects/untitled1/cmake-build-debug"/>
				<Option type="4"/>
				<MakeCommands>
					<Build command="/usr/bin/make -j8 -f &quot;/Users/yanan/CLionProjects/untitled1/cmake-build-debug/Makefile&quot;  VERBOSE=1 rebuild_cache"/>
					<CompileFile command="/usr/bin/make -j8 -f &quot;/Users/yanan/CLionProjects/untitled1/cmake-build-debug/Makefile&quot;  VERBOSE=1 &quot;$file&quot;"/>
					<Clean command="/usr/bin/make -j8 -f &quot;/Users/yanan/CLionProjects/untitled1/cmake-build-debug/Makefile&quot;  VERBOSE=1 clean"/>
					<DistClean command="/usr/bin/make -j8 -f &quot;/Users/yanan/CLionProjects/untitled1/cmake-build-debug/Makefile&quot;  VERBOSE=1 clean"/>
				</MakeCommands>
			</Target>
			<Target title="r">
				<Option output="/Users/yanan/CLionProjects/untitled1/cmake-build-debug/r" prefix_auto="0" extension_auto="0"/>
				<Option working_dir="/Users/yanan/CLionProjects/untitled1/cmake-build-debug"/>
				<Option object_output="./"/>
				<Option type="1"/>
				<Option compiler="gcc"/>
				<Compiler>
					<Add directory="/Library/Developer/CommandLineTools/usr/include/c++/v1"/>
					<Add directory="/usr/local/include"/>
					<Add directory="/Library/Developer/CommandLineTools/usr/lib/clang/9.1.0/include"/>
					<Add directory="/Library/Developer/CommandLineTools/usr/include"/>
					<Add directory="/usr/include"/>
					<Add directory="/System/Library/Frameworks"/>
					<Add directory="/Library/Frameworks"/>
				</Compiler>
				<MakeCommands>
					<Build command="/usr/bin/make -j8 -f &quot;/Users/yanan/CLionProjects/untitled1/cmake-build-debug/Makefile&quot;  VERBOSE=1 r"/>
					<CompileFile command="/usr/bin/make -j8 -f &quot;/Users/yanan/CLionProjects/untitled1/cmake-build-debug/Makefile&quot;  VERBOSE=1 &quot;$file&quot;"/>
					<Clean command="/usr/bin/make -j8 -f &quot;/Users/yanan/CLionProjects/untitled1/cmake-build-debug/Makefile&quot;  VERBOSE=1 clean"/>
					<DistClean command="/usr/bin/make -j8 -f &quot;/Users/yanan/CLionProjects/untitled1/cmake-build-debug/Makefile&quot;  VERBOSE=1 clean"/>
				</MakeCommands>
			</Target>
			<Target title="r/fast">
				<Option output="/Users/yanan/CLionProjects/untitled1/cmake-build-debug/r" prefix_auto="0" extension_auto="0"/>
				<Option working_dir="/Users/yanan/CLionProjects/untitled1/cmake-build-debug"/>
				<Option object_output="./"/>
				<Option type="1"/>
				<Option compiler="gcc"/>
				<Compiler>
					<Add directory="/Library/Developer/CommandLineTools/usr/include/c++/v1"/>
					<Add directory="/usr/local/include"/>
					<Add directory="/Library/Developer/CommandLineTools/usr/lib/clang/9.1.0/include"/>
					<Add directory="/Library/Developer/CommandLineTools/usr/include"/>
					<Add directory="/usr/include"/>
					<Add directory="/System/Library/Frameworks"/>
					<Add directory="/Library/Frameworks"/>
				</Compiler>
				<MakeCommands>
					<Build command="/usr/bin/make -j8 -f &quot;/Users/yanan/CLionProjects/untitled1/cmake-build-debug/Makefile&quot;  VERBOSE=1 r/fast"/>
					<CompileFile command="/usr/bin/make -j8 -f &quot;/Users/yanan/CLionProjects/untitled1/cmake-build-debug/Makefile&quot;  VERBOSE=1 &quot;$file&quot;"/>
					<Clean command="/usr/bin/make -j8 -f &quot;/Users/yanan/CLionProjects/untitled1/cmake-build-debug/Makefile&quot;  VERBOSE=1 clean"/>
					<DistClean command="/usr/bin/make -j8 -f &quot;/Users/yanan/CLionProjects/untitled1/cmake-build-debug/Makefile&quot;  VERBOSE=1 clean"/>
				</MakeCommands>
			</Target>
			<Target title="n">
				<Option output="/Users/yanan/CLionProjects/untitled1/cmake-build-debug/n" prefix_auto="0" extension_auto="0"/>
				<Option working_dir="/Users/yanan/CLionProjects/untitled1/cmake-build-debug"/>
				<Option object_output="./"/>
				<Option type="1"/>
				<Option compiler="gcc"/>
				<Compiler>
					<Add directory="/Library/Developer/CommandLineTools/usr/include/c++/v1"/>
					<Add directory="/usr/local/include"/>
					<Add directory="/Library/Developer/CommandLineTools/usr/lib/clang/9.1.0/include"/>
					<Add directory="/Library/Developer/CommandLineTools/usr/include"/>
					<Add directory="/usr/include"/>
					<Add directory="/System/Library/Frameworks"/>
					<Add directory="/Library/Frameworks"/>
				</Compiler>
				<MakeCommands>
					<Build command="/usr/bin/make -j8 -f &quot;/Users/yanan/CLionProjects/untitled1/cmake-build-debug/Makefile&quot;  VERBOSE=1 n"/>
					<CompileFile command="/usr/bin/make -j8 -f &quot;/Users/yanan/CLionProjects/untitled1/cmake-build-debug/Makefile&quot;  VERBOSE=1 &quot;$file&quot;"/>
					<Clean command="/usr/bin/make -j8 -f &quot;/Users/yanan/CLionProjects/untitled1/cmake-build-debug/Makefile&quot;  VERBOSE=1 clean"/>
					<DistClean command="/usr/bin/make -j8 -f &quot;/Users/yanan/CLionProjects/untitled1/cmake-build-debug/Makefile&quot;  VERBOSE=1 clean"/>
				</MakeCommands>
			</Target>
			<Target title="n/fast">
				<Option output="/Users/yanan/CLionProjects/untitled1/cmake-build-debug/n" prefix_auto="0" extension_auto="0"/>
				<Option working_dir="/Users/yanan/CLionProjects/untitled1/cmake-build-debug"/>
				<Option object_output="./"/>
				<Option type="1"/>
				<Option compiler="gcc"/>
				<Compiler>
					<Add directory="/Library/Developer/CommandLineTools/usr/include/c++/v1"/>
					<Add directory="/usr/local/include"/>
					<Add directory="/Library/Developer/CommandLineTools/usr/lib/clang/9.1.0/include"/>
					<Add directory="/Library/Developer/CommandLineTools/usr/include"/>
					<Add directory="/usr/include"/>
					<Add directory="/System/Library/Frameworks"/>
					<Add directory="/Library/Frameworks"/>
				</Compiler>
				<MakeCommands>
					<Build command="/usr/bin/make -j8 -f &quot;/Users/yanan/CLionProjects/untitled1/cmake-build-debug/Makefile&quot;  VERBOSE=1 n/fast"/>
					<CompileFile command="/usr/bin/make -j8 -f &quot;/Users/yanan/CLionProjects/untitled1/cmake-build-debug/Makefile&quot;  VERBOSE=1 &quot;$file&quot;"/>
					<Clean command="/usr/bin/make -j8 -f &quot;/Users/yanan/CLionProjects/untitled1/cmake-build-debug/Makefile&quot;  VERBOSE=1 clean"/>
					<DistClean command="/usr/bin/make -j8 -f &quot;/Users/yanan/CLionProjects/untitled1/cmake-build-debug/Makefile&quot;  VERBOSE=1 clean"/>
				</MakeCommands>
			</Target>
			<Target title="q">
				<Option output="/Users/yanan/CLionProjects/untitled1/cmake-build-debug/q" prefix_auto="0" extension_auto="0"/>
				<Option working_dir="/Users/yanan/CLionProjects/untitled1/cmake-build-debug"/>
				<Option object_output="./"/>
				<Option type="1"/>
				<Option compiler="gcc"/>
				<Compiler>
					<Add directory="/Library/Developer/CommandLineTools/usr/include/c++/v1"/>
					<Add directory="/usr/local/include"/>
					<Add directory="/Library/Developer/CommandLineTools/usr/lib/clang/9.1.0/include"/>
					<Add directory="/Library/Developer/CommandLineTools/usr/include"/>
					<Add directory="/usr/include"/>
					<Add directory="/System/Library/Frameworks"/>
					<Add directory="/Library/Frameworks"/>
				</Compiler>
				<MakeCommands>
					<Build command="/usr/bin/make -j8 -f &quot;/Users/yanan/CLionProjects/untitled1/cmake-build-debug/Makefile&quot;  VERBOSE=1 q"/>
					<CompileFile command="/usr/bin/make -j8 -f &quot;/Users/yanan/CLionProjects/untitled1/cmake-build-debug/Makefile&quot;  VERBOSE=1 &quot;$file&quot;"/>
					<Clean command="/usr/bin/make -j8 -f &quot;/Users/yanan/CLionProjects/untitled1/cmake-build-debug/Makefile&quot;  VERBOSE=1 clean"/>
					<DistClean command="/usr/bin/make -j8 -f &quot;/Users/yanan/CLionProjects/untitled1/cmake-build-debug/Makefile&quot;  VERBOSE=1 clean"/>
				</MakeCommands>
			</Target>
			<Target title="q/fast">
				<Option output="/Users/yanan/CLionProjects/untitled1/cmake-build-debug/q" prefix_auto="0" extension_auto="0"/>
				<Option working_dir="/Users/yanan/CLionProjects/untitled1/cmake-build-debug"/>
				<Option object_output="./"/>
				<Option type="1"/>
				<Option compiler="gcc"/>
				<Compiler>
					<Add directory="/Library/Developer/CommandLineTools/usr/include/c++/v1"/>
					<Add directory="/usr/local/include"/>
					<Add directory="/Library/Developer/CommandLineTools/usr/lib/clang/9.1.0/include"/>
					<Add directory="/Library/Developer/CommandLineTools/usr/include"/>
					<Add directory="/usr/include"/>
					<Add directory="/System/Library/Frameworks"/>
					<Add directory="/Library/Frameworks"/>
				</Compiler>
				<MakeCommands>
					<Build command="/usr/bin/make -j8 -f &quot;/Users/yanan/CLionProjects/untitled1/cmake-build-debug/Makefile&quot;  VERBOSE=1 q/fast"/>
					<CompileFile command="/usr/bin/make -j8 -f &quot;/Users/yanan/CLionProjects/untitled1/cmake-build-debug/Makefile&quot;  VERBOSE=1 &quot;$file&quot;"/>
					<Clean command="/usr/bin/make -j8 -f &quot;/Users/yanan/CLionProjects/untitled1/cmake-build-debug/Makefile&quot;  VERBOSE=1 clean"/>
					<DistClean command="/usr/bin/make -j8 -f &quot;/Users/yanan/CLionProjects/untitled1/cmake-build-debug/Makefile&quot;  VERBOSE=1 clean"/>
				</MakeCommands>
			</Target>
			<Target title="p">
				<Option output="/Users/yanan/CLionProjects/untitled1/cmake-build-debug/p" prefix_auto="0" extension_auto="0"/>
				<Option working_dir="/Users/yanan/CLionProjects/untitled1/cmake-build-debug"/>
				<Option object_output="./"/>
				<Option type="1"/>
				<Option compiler="gcc"/>
				<Compiler>
					<Add directory="/Library/Developer/CommandLineTools/usr/include/c++/v1"/>
					<Add directory="/usr/local/include"/>
					<Add directory="/Library/Developer/CommandLineTools/usr/lib/clang/9.1.0/include"/>
					<Add directory="/Library/Developer/CommandLineTools/usr/include"/>
					<Add directory="/usr/include"/>
					<Add directory="/System/Library/Frameworks"/>
					<Add directory="/Library/Frameworks"/>
				</Compiler>
				<MakeCommands>
					<Build command="/usr/bin/make -j8 -f &quot;/Users/yanan/CLionProjects/untitled1/cmake-build-debug/Makefile&quot;  VERBOSE=1 p"/>
					<CompileFile command="/usr/bin/make -j8 -f &quot;/Users/yanan/CLionProjects/untitled1/cmake-build-debug/Makefile&quot;  VERBOSE=1 &quot;$file&quot;"/>
					<Clean command="/usr/bin/make -j8 -f &quot;/Users/yanan/CLionProjects/untitled1/cmake-build-debug/Makefile&quot;  VERBOSE=1 clean"/>
					<DistClean command="/usr/bin/make -j8 -f &quot;/Users/yanan/CLionProjects/untitled1/cmake-build-debug/Makefile&quot;  VERBOSE=1 clean"/>
				</MakeCommands>
			</Target>
			<Target title="p/fast">
				<Option output="/Users/yanan/CLionProjects/untitled1/cmake-build-debug/p" prefix_auto="0" extension_auto="0"/>
				<Option working_dir="/Users/yanan/CLionProjects/untitled1/cmake-build-debug"/>
				<Option object_output="./"/>
				<Option type="1"/>
				<Option compiler="gcc"/>
				<Compiler>
					<Add directory="/Library/Developer/CommandLineTools/usr/include/c++/v1"/>
					<Add directory="/usr/local/include"/>
					<Add directory="/Library/Developer/CommandLineTools/usr/lib/clang/9.1.0/include"/>
					<Add directory="/Library/Developer/CommandLineTools/usr/include"/>
					<Add directory="/usr/include"/>
					<Add directory="/System/Library/Frameworks"/>
					<Add directory="/Library/Frameworks"/>
				</Compiler>
				<MakeCommands>
					<Build command="/usr/bin/make -j8 -f &quot;/Users/yanan/CLionProjects/untitled1/cmake-build-debug/Makefile&quot;  VERBOSE=1 p/fast"/>
					<CompileFile command="/usr/bin/make -j8 -f &quot;/Users/yanan/CLionProjects/untitled1/cmake-build-debug/Makefile&quot;  VERBOSE=1 &quot;$file&quot;"/>
					<Clean command="/usr/bin/make -j8 -f &quot;/Users/yanan/CLionProjects/untitled1/cmake-build-debug/Makefile&quot;  VERBOSE=1 clean"/>
					<DistClean command="/usr/bin/make -j8 -f &quot;/Users/yanan/CLionProjects/untitled1/cmake-build-debug/Makefile&quot;  VERBOSE=1 clean"/>
				</MakeCommands>
			</Target>
			<Target title="l">
				<Option output="/Users/yanan/CLionProjects/untitled1/cmake-build-debug/l" prefix_auto="0" extension_auto="0"/>
				<Option working_dir="/Users/yanan/CLionProjects/untitled1/cmake-build-debug"/>
				<Option object_output="./"/>
				<Option type="1"/>
				<Option compiler="gcc"/>
				<Compiler>
					<Add directory="/Library/Developer/CommandLineTools/usr/include/c++/v1"/>
					<Add directory="/usr/local/include"/>
					<Add directory="/Library/Developer/CommandLineTools/usr/lib/clang/9.1.0/include"/>
					<Add directory="/Library/Developer/CommandLineTools/usr/include"/>
					<Add directory="/usr/include"/>
					<Add directory="/System/Library/Frameworks"/>
					<Add directory="/Library/Frameworks"/>
				</Compiler>
				<MakeCommands>
					<Build command="/usr/bin/make -j8 -f &quot;/Users/yanan/CLionProjects/untitled1/cmake-build-debug/Makefile&quot;  VERBOSE=1 l"/>
					<CompileFile command="/usr/bin/make -j8 -f &quot;/Users/yanan/CLionProjects/untitled1/cmake-build-debug/Makefile&quot;  VERBOSE=1 &quot;$file&quot;"/>
					<Clean command="/usr/bin/make -j8 -f &quot;/Users/yanan/CLionProjects/untitled1/cmake-build-debug/Makefile&quot;  VERBOSE=1 clean"/>
					<DistClean command="/usr/bin/make -j8 -f &quot;/Users/yanan/CLionProjects/untitled1/cmake-build-debug/Makefile&quot;  VERBOSE=1 clean"/>
				</MakeCommands>
			</Target>
			<Target title="l/fast">
				<Option output="/Users/yanan/CLionProjects/untitled1/cmake-build-debug/l" prefix_auto="0" extension_auto="0"/>
				<Option working_dir="/Users/yanan/CLionProjects/untitled1/cmake-build-debug"/>
				<Option object_output="./"/>
				<Option type="1"/>
				<Option compiler="gcc"/>
				<Compiler>
					<Add directory="/Library/Developer/CommandLineTools/usr/include/c++/v1"/>
					<Add directory="/usr/local/include"/>
					<Add directory="/Library/Developer/CommandLineTools/usr/lib/clang/9.1.0/include"/>
					<Add directory="/Library/Developer/CommandLineTools/usr/include"/>
					<Add directory="/usr/include"/>
					<Add directory="/System/Library/Frameworks"/>
					<Add directory="/Library/Frameworks"/>
				</Compiler>
				<MakeCommands>
					<Build command="/usr/bin/make -j8 -f &quot;/Users/yanan/CLionProjects/untitled1/cmake-build-debug/Makefile&quot;  VERBOSE=1 l/fast"/>
					<CompileFile command="/usr/bin/make -j8 -f &quot;/Users/yanan/CLionProjects/untitled1/cmake-build-debug/Makefile&quot;  VERBOSE=1 &quot;$file&quot;"/>
					<Clean command="/usr/bin/make -j8 -f &quot;/Users/yanan/CLionProjects/untitled1/cmake-build-debug/Makefile&quot;  VERBOSE=1 clean"/>
					<DistClean command="/usr/bin/make -j8 -f &quot;/Users/yanan/CLionProjects/untitled1/cmake-build-debug/Makefile&quot;  VERBOSE=1 clean"/>
				</MakeCommands>
			</Target>
			<Target title="k">
				<Option output="/Users/yanan/CLionProjects/untitled1/cmake-build-debug/k" prefix_auto="0" extension_auto="0"/>
				<Option working_dir="/Users/yanan/CLionProjects/untitled1/cmake-build-debug"/>
				<Option object_output="./"/>
				<Option type="1"/>
				<Option compiler="gcc"/>
				<Compiler>
					<Add directory="/Library/Developer/CommandLineTools/usr/include/c++/v1"/>
					<Add directory="/usr/local/include"/>
					<Add directory="/Library/Developer/CommandLineTools/usr/lib/clang/9.1.0/include"/>
					<Add directory="/Library/Developer/CommandLineTools/usr/include"/>
					<Add directory="/usr/include"/>
					<Add directory="/System/Library/Frameworks"/>
					<Add directory="/Library/Frameworks"/>
				</Compiler>
				<MakeCommands>
					<Build command="/usr/bin/make -j8 -f &quot;/Users/yanan/CLionProjects/untitled1/cmake-build-debug/Makefile&quot;  VERBOSE=1 k"/>
					<CompileFile command="/usr/bin/make -j8 -f &quot;/Users/yanan/CLionProjects/untitled1/cmake-build-debug/Makefile&quot;  VERBOSE=1 &quot;$file&quot;"/>
					<Clean command="/usr/bin/make -j8 -f &quot;/Users/yanan/CLionProjects/untitled1/cmake-build-debug/Makefile&quot;  VERBOSE=1 clean"/>
					<DistClean command="/usr/bin/make -j8 -f &quot;/Users/yanan/CLionProjects/untitled1/cmake-build-debug/Makefile&quot;  VERBOSE=1 clean"/>
				</MakeCommands>
			</Target>
			<Target title="k/fast">
				<Option output="/Users/yanan/CLionProjects/untitled1/cmake-build-debug/k" prefix_auto="0" extension_auto="0"/>
				<Option working_dir="/Users/yanan/CLionProjects/untitled1/cmake-build-debug"/>
				<Option object_output="./"/>
				<Option type="1"/>
				<Option compiler="gcc"/>
				<Compiler>
					<Add directory="/Library/Developer/CommandLineTools/usr/include/c++/v1"/>
					<Add directory="/usr/local/include"/>
					<Add directory="/Library/Developer/CommandLineTools/usr/lib/clang/9.1.0/include"/>
					<Add directory="/Library/Developer/CommandLineTools/usr/include"/>
					<Add directory="/usr/include"/>
					<Add directory="/System/Library/Frameworks"/>
					<Add directory="/Library/Frameworks"/>
				</Compiler>
				<MakeCommands>
					<Build command="/usr/bin/make -j8 -f &quot;/Users/yanan/CLionProjects/untitled1/cmake-build-debug/Makefile&quot;  VERBOSE=1 k/fast"/>
					<CompileFile command="/usr/bin/make -j8 -f &quot;/Users/yanan/CLionProjects/untitled1/cmake-build-debug/Makefile&quot;  VERBOSE=1 &quot;$file&quot;"/>
					<Clean command="/usr/bin/make -j8 -f &quot;/Users/yanan/CLionProjects/untitled1/cmake-build-debug/Makefile&quot;  VERBOSE=1 clean"/>
					<DistClean command="/usr/bin/make -j8 -f &quot;/Users/yanan/CLionProjects/untitled1/cmake-build-debug/Makefile&quot;  VERBOSE=1 clean"/>
				</MakeCommands>
			</Target>
			<Target title="j">
				<Option output="/Users/yanan/CLionProjects/untitled1/cmake-build-debug/j" prefix_auto="0" extension_auto="0"/>
				<Option working_dir="/Users/yanan/CLionProjects/untitled1/cmake-build-debug"/>
				<Option object_output="./"/>
				<Option type="1"/>
				<Option compiler="gcc"/>
				<Compiler>
					<Add directory="/Library/Developer/CommandLineTools/usr/include/c++/v1"/>
					<Add directory="/usr/local/include"/>
					<Add directory="/Library/Developer/CommandLineTools/usr/lib/clang/9.1.0/include"/>
					<Add directory="/Library/Developer/CommandLineTools/usr/include"/>
					<Add directory="/usr/include"/>
					<Add directory="/System/Library/Frameworks"/>
					<Add directory="/Library/Frameworks"/>
				</Compiler>
				<MakeCommands>
					<Build command="/usr/bin/make -j8 -f &quot;/Users/yanan/CLionProjects/untitled1/cmake-build-debug/Makefile&quot;  VERBOSE=1 j"/>
					<CompileFile command="/usr/bin/make -j8 -f &quot;/Users/yanan/CLionProjects/untitled1/cmake-build-debug/Makefile&quot;  VERBOSE=1 &quot;$file&quot;"/>
					<Clean command="/usr/bin/make -j8 -f &quot;/Users/yanan/CLionProjects/untitled1/cmake-build-debug/Makefile&quot;  VERBOSE=1 clean"/>
					<DistClean command="/usr/bin/make -j8 -f &quot;/Users/yanan/CLionProjects/untitled1/cmake-build-debug/Makefile&quot;  VERBOSE=1 clean"/>
				</MakeCommands>
			</Target>
			<Target title="j/fast">
				<Option output="/Users/yanan/CLionProjects/untitled1/cmake-build-debug/j" prefix_auto="0" extension_auto="0"/>
				<Option working_dir="/Users/yanan/CLionProjects/untitled1/cmake-build-debug"/>
				<Option object_output="./"/>
				<Option type="1"/>
				<Option compiler="gcc"/>
				<Compiler>
					<Add directory="/Library/Developer/CommandLineTools/usr/include/c++/v1"/>
					<Add directory="/usr/local/include"/>
					<Add directory="/Library/Developer/CommandLineTools/usr/lib/clang/9.1.0/include"/>
					<Add directory="/Library/Developer/CommandLineTools/usr/include"/>
					<Add directory="/usr/include"/>
					<Add directory="/System/Library/Frameworks"/>
					<Add directory="/Library/Frameworks"/>
				</Compiler>
				<MakeCommands>
					<Build command="/usr/bin/make -j8 -f &quot;/Users/yanan/CLionProjects/untitled1/cmake-build-debug/Makefile&quot;  VERBOSE=1 j/fast"/>
					<CompileFile command="/usr/bin/make -j8 -f &quot;/Users/yanan/CLionProjects/untitled1/cmake-build-debug/Makefile&quot;  VERBOSE=1 &quot;$file&quot;"/>
					<Clean command="/usr/bin/make -j8 -f &quot;/Users/yanan/CLionProjects/untitled1/cmake-build-debug/Makefile&quot;  VERBOSE=1 clean"/>
					<DistClean command="/usr/bin/make -j8 -f &quot;/Users/yanan/CLionProjects/untitled1/cmake-build-debug/Makefile&quot;  VERBOSE=1 clean"/>
				</MakeCommands>
			</Target>
			<Target title="i">
				<Option output="/Users/yanan/CLionProjects/untitled1/cmake-build-debug/i" prefix_auto="0" extension_auto="0"/>
				<Option working_dir="/Users/yanan/CLionProjects/untitled1/cmake-build-debug"/>
				<Option object_output="./"/>
				<Option type="1"/>
				<Option compiler="gcc"/>
				<Compiler>
					<Add directory="/Library/Developer/CommandLineTools/usr/include/c++/v1"/>
					<Add directory="/usr/local/include"/>
					<Add directory="/Library/Developer/CommandLineTools/usr/lib/clang/9.1.0/include"/>
					<Add directory="/Library/Developer/CommandLineTools/usr/include"/>
					<Add directory="/usr/include"/>
					<Add directory="/System/Library/Frameworks"/>
					<Add directory="/Library/Frameworks"/>
				</Compiler>
				<MakeCommands>
					<Build command="/usr/bin/make -j8 -f &quot;/Users/yanan/CLionProjects/untitled1/cmake-build-debug/Makefile&quot;  VERBOSE=1 i"/>
					<CompileFile command="/usr/bin/make -j8 -f &quot;/Users/yanan/CLionProjects/untitled1/cmake-build-debug/Makefile&quot;  VERBOSE=1 &quot;$file&quot;"/>
					<Clean command="/usr/bin/make -j8 -f &quot;/Users/yanan/CLionProjects/untitled1/cmake-build-debug/Makefile&quot;  VERBOSE=1 clean"/>
					<DistClean command="/usr/bin/make -j8 -f &quot;/Users/yanan/CLionProjects/untitled1/cmake-build-debug/Makefile&quot;  VERBOSE=1 clean"/>
				</MakeCommands>
			</Target>
			<Target title="i/fast">
				<Option output="/Users/yanan/CLionProjects/untitled1/cmake-build-debug/i" prefix_auto="0" extension_auto="0"/>
				<Option working_dir="/Users/yanan/CLionProjects/untitled1/cmake-build-debug"/>
				<Option object_output="./"/>
				<Option type="1"/>
				<Option compiler="gcc"/>
				<Compiler>
					<Add directory="/Library/Developer/CommandLineTools/usr/include/c++/v1"/>
					<Add directory="/usr/local/include"/>
					<Add directory="/Library/Developer/CommandLineTools/usr/lib/clang/9.1.0/include"/>
					<Add directory="/Library/Developer/CommandLineTools/usr/include"/>
					<Add directory="/usr/include"/>
					<Add directory="/System/Library/Frameworks"/>
					<Add directory="/Library/Frameworks"/>
				</Compiler>
				<MakeCommands>
					<Build command="/usr/bin/make -j8 -f &quot;/Users/yanan/CLionProjects/untitled1/cmake-build-debug/Makefile&quot;  VERBOSE=1 i/fast"/>
					<CompileFile command="/usr/bin/make -j8 -f &quot;/Users/yanan/CLionProjects/untitled1/cmake-build-debug/Makefile&quot;  VERBOSE=1 &quot;$file&quot;"/>
					<Clean command="/usr/bin/make -j8 -f &quot;/Users/yanan/CLionProjects/untitled1/cmake-build-debug/Makefile&quot;  VERBOSE=1 clean"/>
					<DistClean command="/usr/bin/make -j8 -f &quot;/Users/yanan/CLionProjects/untitled1/cmake-build-debug/Makefile&quot;  VERBOSE=1 clean"/>
				</MakeCommands>
			</Target>
			<Target title="edit_cache">
				<Option working_dir="/Users/yanan/CLionProjects/untitled1/cmake-build-debug"/>
				<Option type="4"/>
				<MakeCommands>
					<Build command="/usr/bin/make -j8 -f &quot;/Users/yanan/CLionProjects/untitled1/cmake-build-debug/Makefile&quot;  VERBOSE=1 edit_cache"/>
					<CompileFile command="/usr/bin/make -j8 -f &quot;/Users/yanan/CLionProjects/untitled1/cmake-build-debug/Makefile&quot;  VERBOSE=1 &quot;$file&quot;"/>
					<Clean command="/usr/bin/make -j8 -f &quot;/Users/yanan/CLionProjects/untitled1/cmake-build-debug/Makefile&quot;  VERBOSE=1 clean"/>
					<DistClean command="/usr/bin/make -j8 -f &quot;/Users/yanan/CLionProjects/untitled1/cmake-build-debug/Makefile&quot;  VERBOSE=1 clean"/>
				</MakeCommands>
			</Target>
			<Target title="o">
				<Option output="/Users/yanan/CLionProjects/untitled1/cmake-build-debug/o" prefix_auto="0" extension_auto="0"/>
				<Option working_dir="/Users/yanan/CLionProjects/untitled1/cmake-build-debug"/>
				<Option object_output="./"/>
				<Option type="1"/>
				<Option compiler="gcc"/>
				<Compiler>
					<Add directory="/Library/Developer/CommandLineTools/usr/include/c++/v1"/>
					<Add directory="/usr/local/include"/>
					<Add directory="/Library/Developer/CommandLineTools/usr/lib/clang/9.1.0/include"/>
					<Add directory="/Library/Developer/CommandLineTools/usr/include"/>
					<Add directory="/usr/include"/>
					<Add directory="/System/Library/Frameworks"/>
					<Add directory="/Library/Frameworks"/>
				</Compiler>
				<MakeCommands>
					<Build command="/usr/bin/make -j8 -f &quot;/Users/yanan/CLionProjects/untitled1/cmake-build-debug/Makefile&quot;  VERBOSE=1 o"/>
					<CompileFile command="/usr/bin/make -j8 -f &quot;/Users/yanan/CLionProjects/untitled1/cmake-build-debug/Makefile&quot;  VERBOSE=1 &quot;$file&quot;"/>
					<Clean command="/usr/bin/make -j8 -f &quot;/Users/yanan/CLionProjects/untitled1/cmake-build-debug/Makefile&quot;  VERBOSE=1 clean"/>
					<DistClean command="/usr/bin/make -j8 -f &quot;/Users/yanan/CLionProjects/untitled1/cmake-build-debug/Makefile&quot;  VERBOSE=1 clean"/>
				</MakeCommands>
			</Target>
			<Target title="o/fast">
				<Option output="/Users/yanan/CLionProjects/untitled1/cmake-build-debug/o" prefix_auto="0" extension_auto="0"/>
				<Option working_dir="/Users/yanan/CLionProjects/untitled1/cmake-build-debug"/>
				<Option object_output="./"/>
				<Option type="1"/>
				<Option compiler="gcc"/>
				<Compiler>
					<Add directory="/Library/Developer/CommandLineTools/usr/include/c++/v1"/>
					<Add directory="/usr/local/include"/>
					<Add directory="/Library/Developer/CommandLineTools/usr/lib/clang/9.1.0/include"/>
					<Add directory="/Library/Developer/CommandLineTools/usr/include"/>
					<Add directory="/usr/include"/>
					<Add directory="/System/Library/Frameworks"/>
					<Add directory="/Library/Frameworks"/>
				</Compiler>
				<MakeCommands>
					<Build command="/usr/bin/make -j8 -f &quot;/Users/yanan/CLionProjects/untitled1/cmake-build-debug/Makefile&quot;  VERBOSE=1 o/fast"/>
					<CompileFile command="/usr/bin/make -j8 -f &quot;/Users/yanan/CLionProjects/untitled1/cmake-build-debug/Makefile&quot;  VERBOSE=1 &quot;$file&quot;"/>
					<Clean command="/usr/bin/make -j8 -f &quot;/Users/yanan/CLionProjects/untitled1/cmake-build-debug/Makefile&quot;  VERBOSE=1 clean"/>
					<DistClean command="/usr/bin/make -j8 -f &quot;/Users/yanan/CLionProjects/untitled1/cmake-build-debug/Makefile&quot;  VERBOSE=1 clean"/>
				</MakeCommands>
			</Target>
			<Target title="h">
				<Option output="/Users/yanan/CLionProjects/untitled1/cmake-build-debug/h" prefix_auto="0" extension_auto="0"/>
				<Option working_dir="/Users/yanan/CLionProjects/untitled1/cmake-build-debug"/>
				<Option object_output="./"/>
				<Option type="1"/>
				<Option compiler="gcc"/>
				<Compiler>
					<Add directory="/Library/Developer/CommandLineTools/usr/include/c++/v1"/>
					<Add directory="/usr/local/include"/>
					<Add directory="/Library/Developer/CommandLineTools/usr/lib/clang/9.1.0/include"/>
					<Add directory="/Library/Developer/CommandLineTools/usr/include"/>
					<Add directory="/usr/include"/>
					<Add directory="/System/Library/Frameworks"/>
					<Add directory="/Library/Frameworks"/>
				</Compiler>
				<MakeCommands>
					<Build command="/usr/bin/make -j8 -f &quot;/Users/yanan/CLionProjects/untitled1/cmake-build-debug/Makefile&quot;  VERBOSE=1 h"/>
					<CompileFile command="/usr/bin/make -j8 -f &quot;/Users/yanan/CLionProjects/untitled1/cmake-build-debug/Makefile&quot;  VERBOSE=1 &quot;$file&quot;"/>
					<Clean command="/usr/bin/make -j8 -f &quot;/Users/yanan/CLionProjects/untitled1/cmake-build-debug/Makefile&quot;  VERBOSE=1 clean"/>
					<DistClean command="/usr/bin/make -j8 -f &quot;/Users/yanan/CLionProjects/untitled1/cmake-build-debug/Makefile&quot;  VERBOSE=1 clean"/>
				</MakeCommands>
			</Target>
			<Target title="h/fast">
				<Option output="/Users/yanan/CLionProjects/untitled1/cmake-build-debug/h" prefix_auto="0" extension_auto="0"/>
				<Option working_dir="/Users/yanan/CLionProjects/untitled1/cmake-build-debug"/>
				<Option object_output="./"/>
				<Option type="1"/>
				<Option compiler="gcc"/>
				<Compiler>
					<Add directory="/Library/Developer/CommandLineTools/usr/include/c++/v1"/>
					<Add directory="/usr/local/include"/>
					<Add directory="/Library/Developer/CommandLineTools/usr/lib/clang/9.1.0/include"/>
					<Add directory="/Library/Developer/CommandLineTools/usr/include"/>
					<Add directory="/usr/include"/>
					<Add directory="/System/Library/Frameworks"/>
					<Add directory="/Library/Frameworks"/>
				</Compiler>
				<MakeCommands>
					<Build command="/usr/bin/make -j8 -f &quot;/Users/yanan/CLionProjects/untitled1/cmake-build-debug/Makefile&quot;  VERBOSE=1 h/fast"/>
					<CompileFile command="/usr/bin/make -j8 -f &quot;/Users/yanan/CLionProjects/untitled1/cmake-build-debug/Makefile&quot;  VERBOSE=1 &quot;$file&quot;"/>
					<Clean command="/usr/bin/make -j8 -f &quot;/Users/yanan/CLionProjects/untitled1/cmake-build-debug/Makefile&quot;  VERBOSE=1 clean"/>
					<DistClean command="/usr/bin/make -j8 -f &quot;/Users/yanan/CLionProjects/untitled1/cmake-build-debug/Makefile&quot;  VERBOSE=1 clean"/>
				</MakeCommands>
			</Target>
			<Target title="m">
				<Option output="/Users/yanan/CLionProjects/untitled1/cmake-build-debug/m" prefix_auto="0" extension_auto="0"/>
				<Option working_dir="/Users/yanan/CLionProjects/untitled1/cmake-build-debug"/>
				<Option object_output="./"/>
				<Option type="1"/>
				<Option compiler="gcc"/>
				<Compiler>
					<Add directory="/Library/Developer/CommandLineTools/usr/include/c++/v1"/>
					<Add directory="/usr/local/include"/>
					<Add directory="/Library/Developer/CommandLineTools/usr/lib/clang/9.1.0/include"/>
					<Add directory="/Library/Developer/CommandLineTools/usr/include"/>
					<Add directory="/usr/include"/>
					<Add directory="/System/Library/Frameworks"/>
					<Add directory="/Library/Frameworks"/>
				</Compiler>
				<MakeCommands>
					<Build command="/usr/bin/make -j8 -f &quot;/Users/yanan/CLionProjects/untitled1/cmake-build-debug/Makefile&quot;  VERBOSE=1 m"/>
					<CompileFile command="/usr/bin/make -j8 -f &quot;/Users/yanan/CLionProjects/untitled1/cmake-build-debug/Makefile&quot;  VERBOSE=1 &quot;$file&quot;"/>
					<Clean command="/usr/bin/make -j8 -f &quot;/Users/yanan/CLionProjects/untitled1/cmake-build-debug/Makefile&quot;  VERBOSE=1 clean"/>
					<DistClean command="/usr/bin/make -j8 -f &quot;/Users/yanan/CLionProjects/untitled1/cmake-build-debug/Makefile&quot;  VERBOSE=1 clean"/>
				</MakeCommands>
			</Target>
			<Target title="m/fast">
				<Option output="/Users/yanan/CLionProjects/untitled1/cmake-build-debug/m" prefix_auto="0" extension_auto="0"/>
				<Option working_dir="/Users/yanan/CLionProjects/untitled1/cmake-build-debug"/>
				<Option object_output="./"/>
				<Option type="1"/>
				<Option compiler="gcc"/>
				<Compiler>
					<Add directory="/Library/Developer/CommandLineTools/usr/include/c++/v1"/>
					<Add directory="/usr/local/include"/>
					<Add directory="/Library/Developer/CommandLineTools/usr/lib/clang/9.1.0/include"/>
					<Add directory="/Library/Developer/CommandLineTools/usr/include"/>
					<Add directory="/usr/include"/>
					<Add directory="/System/Library/Frameworks"/>
					<Add directory="/Library/Frameworks"/>
				</Compiler>
				<MakeCommands>
					<Build command="/usr/bin/make -j8 -f &quot;/Users/yanan/CLionProjects/untitled1/cmake-build-debug/Makefile&quot;  VERBOSE=1 m/fast"/>
					<CompileFile command="/usr/bin/make -j8 -f &quot;/Users/yanan/CLionProjects/untitled1/cmake-build-debug/Makefile&quot;  VERBOSE=1 &quot;$file&quot;"/>
					<Clean command="/usr/bin/make -j8 -f &quot;/Users/yanan/CLionProjects/untitled1/cmake-build-debug/Makefile&quot;  VERBOSE=1 clean"/>
					<DistClean command="/usr/bin/make -j8 -f &quot;/Users/yanan/CLionProjects/untitled1/cmake-build-debug/Makefile&quot;  VERBOSE=1 clean"/>
				</MakeCommands>
			</Target>
			<Target title="g">
				<Option output="/Users/yanan/CLionProjects/untitled1/cmake-build-debug/g" prefix_auto="0" extension_auto="0"/>
				<Option working_dir="/Users/yanan/CLionProjects/untitled1/cmake-build-debug"/>
				<Option object_output="./"/>
				<Option type="1"/>
				<Option compiler="gcc"/>
				<Compiler>
					<Add directory="/Library/Developer/CommandLineTools/usr/include/c++/v1"/>
					<Add directory="/usr/local/include"/>
					<Add directory="/Library/Developer/CommandLineTools/usr/lib/clang/9.1.0/include"/>
					<Add directory="/Library/Developer/CommandLineTools/usr/include"/>
					<Add directory="/usr/include"/>
					<Add directory="/System/Library/Frameworks"/>
					<Add directory="/Library/Frameworks"/>
				</Compiler>
				<MakeCommands>
					<Build command="/usr/bin/make -j8 -f &quot;/Users/yanan/CLionProjects/untitled1/cmake-build-debug/Makefile&quot;  VERBOSE=1 g"/>
					<CompileFile command="/usr/bin/make -j8 -f &quot;/Users/yanan/CLionProjects/untitled1/cmake-build-debug/Makefile&quot;  VERBOSE=1 &quot;$file&quot;"/>
					<Clean command="/usr/bin/make -j8 -f &quot;/Users/yanan/CLionProjects/untitled1/cmake-build-debug/Makefile&quot;  VERBOSE=1 clean"/>
					<DistClean command="/usr/bin/make -j8 -f &quot;/Users/yanan/CLionProjects/untitled1/cmake-build-debug/Makefile&quot;  VERBOSE=1 clean"/>
				</MakeCommands>
			</Target>
			<Target title="g/fast">
				<Option output="/Users/yanan/CLionProjects/untitled1/cmake-build-debug/g" prefix_auto="0" extension_auto="0"/>
				<Option working_dir="/Users/yanan/CLionProjects/untitled1/cmake-build-debug"/>
				<Option object_output="./"/>
				<Option type="1"/>
				<Option compiler="gcc"/>
				<Compiler>
					<Add directory="/Library/Developer/CommandLineTools/usr/include/c++/v1"/>
					<Add directory="/usr/local/include"/>
					<Add directory="/Library/Developer/CommandLineTools/usr/lib/clang/9.1.0/include"/>
					<Add directory="/Library/Developer/CommandLineTools/usr/include"/>
					<Add directory="/usr/include"/>
					<Add directory="/System/Library/Frameworks"/>
					<Add directory="/Library/Frameworks"/>
				</Compiler>
				<MakeCommands>
					<Build command="/usr/bin/make -j8 -f &quot;/Users/yanan/CLionProjects/untitled1/cmake-build-debug/Makefile&quot;  VERBOSE=1 g/fast"/>
					<CompileFile command="/usr/bin/make -j8 -f &quot;/Users/yanan/CLionProjects/untitled1/cmake-build-debug/Makefile&quot;  VERBOSE=1 &quot;$file&quot;"/>
					<Clean command="/usr/bin/make -j8 -f &quot;/Users/yanan/CLionProjects/untitled1/cmake-build-debug/Makefile&quot;  VERBOSE=1 clean"/>
					<DistClean command="/usr/bin/make -j8 -f &quot;/Users/yanan/CLionProjects/untitled1/cmake-build-debug/Makefile&quot;  VERBOSE=1 clean"/>
				</MakeCommands>
			</Target>
			<Target title="s">
				<Option output="/Users/yanan/CLionProjects/untitled1/cmake-build-debug/s" prefix_auto="0" extension_auto="0"/>
				<Option working_dir="/Users/yanan/CLionProjects/untitled1/cmake-build-debug"/>
				<Option object_output="./"/>
				<Option type="1"/>
				<Option compiler="gcc"/>
				<Compiler>
					<Add directory="/Library/Developer/CommandLineTools/usr/include/c++/v1"/>
					<Add directory="/usr/local/include"/>
					<Add directory="/Library/Developer/CommandLineTools/usr/lib/clang/9.1.0/include"/>
					<Add directory="/Library/Developer/CommandLineTools/usr/include"/>
					<Add directory="/usr/include"/>
					<Add directory="/System/Library/Frameworks"/>
					<Add directory="/Library/Frameworks"/>
				</Compiler>
				<MakeCommands>
					<Build command="/usr/bin/make -j8 -f &quot;/Users/yanan/CLionProjects/untitled1/cmake-build-debug/Makefile&quot;  VERBOSE=1 s"/>
					<CompileFile command="/usr/bin/make -j8 -f &quot;/Users/yanan/CLionProjects/untitled1/cmake-build-debug/Makefile&quot;  VERBOSE=1 &quot;$file&quot;"/>
					<Clean command="/usr/bin/make -j8 -f &quot;/Users/yanan/CLionProjects/untitled1/cmake-build-debug/Makefile&quot;  VERBOSE=1 clean"/>
					<DistClean command="/usr/bin/make -j8 -f &quot;/Users/yanan/CLionProjects/untitled1/cmake-build-debug/Makefile&quot;  VERBOSE=1 clean"/>
				</MakeCommands>
			</Target>
			<Target title="s/fast">
				<Option output="/Users/yanan/CLionProjects/untitled1/cmake-build-debug/s" prefix_auto="0" extension_auto="0"/>
				<Option working_dir="/Users/yanan/CLionProjects/untitled1/cmake-build-debug"/>
				<Option object_output="./"/>
				<Option type="1"/>
				<Option compiler="gcc"/>
				<Compiler>
					<Add directory="/Library/Developer/CommandLineTools/usr/include/c++/v1"/>
					<Add directory="/usr/local/include"/>
					<Add directory="/Library/Developer/CommandLineTools/usr/lib/clang/9.1.0/include"/>
					<Add directory="/Library/Developer/CommandLineTools/usr/include"/>
					<Add directory="/usr/include"/>
					<Add directory="/System/Library/Frameworks"/>
					<Add directory="/Library/Frameworks"/>
				</Compiler>
				<MakeCommands>
					<Build command="/usr/bin/make -j8 -f &quot;/Users/yanan/CLionProjects/untitled1/cmake-build-debug/Makefile&quot;  VERBOSE=1 s/fast"/>
					<CompileFile command="/usr/bin/make -j8 -f &quot;/Users/yanan/CLionProjects/untitled1/cmake-build-debug/Makefile&quot;  VERBOSE=1 &quot;$file&quot;"/>
					<Clean command="/usr/bin/make -j8 -f &quot;/Users/yanan/CLionProjects/untitled1/cmake-build-debug/Makefile&quot;  VERBOSE=1 clean"/>
					<DistClean command="/usr/bin/make -j8 -f &quot;/Users/yanan/CLionProjects/untitled1/cmake-build-debug/Makefile&quot;  VERBOSE=1 clean"/>
				</MakeCommands>
			</Target>
			<Target title="f">
				<Option output="/Users/yanan/CLionProjects/untitled1/cmake-build-debug/f" prefix_auto="0" extension_auto="0"/>
				<Option working_dir="/Users/yanan/CLionProjects/untitled1/cmake-build-debug"/>
				<Option object_output="./"/>
				<Option type="1"/>
				<Option compiler="gcc"/>
				<Compiler>
					<Add directory="/Library/Developer/CommandLineTools/usr/include/c++/v1"/>
					<Add directory="/usr/local/include"/>
					<Add directory="/Library/Developer/CommandLineTools/usr/lib/clang/9.1.0/include"/>
					<Add directory="/Library/Developer/CommandLineTools/usr/include"/>
					<Add directory="/usr/include"/>
					<Add directory="/System/Library/Frameworks"/>
					<Add directory="/Library/Frameworks"/>
				</Compiler>
				<MakeCommands>
					<Build command="/usr/bin/make -j8 -f &quot;/Users/yanan/CLionProjects/untitled1/cmake-build-debug/Makefile&quot;  VERBOSE=1 f"/>
					<CompileFile command="/usr/bin/make -j8 -f &quot;/Users/yanan/CLionProjects/untitled1/cmake-build-debug/Makefile&quot;  VERBOSE=1 &quot;$file&quot;"/>
					<Clean command="/usr/bin/make -j8 -f &quot;/Users/yanan/CLionProjects/untitled1/cmake-build-debug/Makefile&quot;  VERBOSE=1 clean"/>
					<DistClean command="/usr/bin/make -j8 -f &quot;/Users/yanan/CLionProjects/untitled1/cmake-build-debug/Makefile&quot;  VERBOSE=1 clean"/>
				</MakeCommands>
			</Target>
			<Target title="f/fast">
				<Option output="/Users/yanan/CLionProjects/untitled1/cmake-build-debug/f" prefix_auto="0" extension_auto="0"/>
				<Option working_dir="/Users/yanan/CLionProjects/untitled1/cmake-build-debug"/>
				<Option object_output="./"/>
				<Option type="1"/>
				<Option compiler="gcc"/>
				<Compiler>
					<Add directory="/Library/Developer/CommandLineTools/usr/include/c++/v1"/>
					<Add directory="/usr/local/include"/>
					<Add directory="/Library/Developer/CommandLineTools/usr/lib/clang/9.1.0/include"/>
					<Add directory="/Library/Developer/CommandLineTools/usr/include"/>
					<Add directory="/usr/include"/>
					<Add directory="/System/Library/Frameworks"/>
					<Add directory="/Library/Frameworks"/>
				</Compiler>
				<MakeCommands>
					<Build command="/usr/bin/make -j8 -f &quot;/Users/yanan/CLionProjects/untitled1/cmake-build-debug/Makefile&quot;  VERBOSE=1 f/fast"/>
					<CompileFile command="/usr/bin/make -j8 -f &quot;/Users/yanan/CLionProjects/untitled1/cmake-build-debug/Makefile&quot;  VERBOSE=1 &quot;$file&quot;"/>
					<Clean command="/usr/bin/make -j8 -f &quot;/Users/yanan/CLionProjects/untitled1/cmake-build-debug/Makefile&quot;  VERBOSE=1 clean"/>
					<DistClean command="/usr/bin/make -j8 -f &quot;/Users/yanan/CLionProjects/untitled1/cmake-build-debug/Makefile&quot;  VERBOSE=1 clean"/>
				</MakeCommands>
			</Target>
			<Target title="3">
				<Option output="/Users/yanan/CLionProjects/untitled1/cmake-build-debug/3" prefix_auto="0" extension_auto="0"/>
				<Option working_dir="/Users/yanan/CLionProjects/untitled1/cmake-build-debug"/>
				<Option object_output="./"/>
				<Option type="1"/>
				<Option compiler="gcc"/>
				<Compiler>
					<Add directory="/Library/Developer/CommandLineTools/usr/include/c++/v1"/>
					<Add directory="/usr/local/include"/>
					<Add directory="/Library/Developer/CommandLineTools/usr/lib/clang/9.1.0/include"/>
					<Add directory="/Library/Developer/CommandLineTools/usr/include"/>
					<Add directory="/usr/include"/>
					<Add directory="/System/Library/Frameworks"/>
					<Add directory="/Library/Frameworks"/>
				</Compiler>
				<MakeCommands>
					<Build command="/usr/bin/make -j8 -f &quot;/Users/yanan/CLionProjects/untitled1/cmake-build-debug/Makefile&quot;  VERBOSE=1 3"/>
					<CompileFile command="/usr/bin/make -j8 -f &quot;/Users/yanan/CLionProjects/untitled1/cmake-build-debug/Makefile&quot;  VERBOSE=1 &quot;$file&quot;"/>
					<Clean command="/usr/bin/make -j8 -f &quot;/Users/yanan/CLionProjects/untitled1/cmake-build-debug/Makefile&quot;  VERBOSE=1 clean"/>
					<DistClean command="/usr/bin/make -j8 -f &quot;/Users/yanan/CLionProjects/untitled1/cmake-build-debug/Makefile&quot;  VERBOSE=1 clean"/>
				</MakeCommands>
			</Target>
			<Target title="3/fast">
				<Option output="/Users/yanan/CLionProjects/untitled1/cmake-build-debug/3" prefix_auto="0" extension_auto="0"/>
				<Option working_dir="/Users/yanan/CLionProjects/untitled1/cmake-build-debug"/>
				<Option object_output="./"/>
				<Option type="1"/>
				<Option compiler="gcc"/>
				<Compiler>
					<Add directory="/Library/Developer/CommandLineTools/usr/include/c++/v1"/>
					<Add directory="/usr/local/include"/>
					<Add directory="/Library/Developer/CommandLineTools/usr/lib/clang/9.1.0/include"/>
					<Add directory="/Library/Developer/CommandLineTools/usr/include"/>
					<Add directory="/usr/include"/>
					<Add directory="/System/Library/Frameworks"/>
					<Add directory="/Library/Frameworks"/>
				</Compiler>
				<MakeCommands>
					<Build command="/usr/bin/make -j8 -f &quot;/Users/yanan/CLionProjects/untitled1/cmake-build-debug/Makefile&quot;  VERBOSE=1 3/fast"/>
					<CompileFile command="/usr/bin/make -j8 -f &quot;/Users/yanan/CLionProjects/untitled1/cmake-build-debug/Makefile&quot;  VERBOSE=1 &quot;$file&quot;"/>
					<Clean command="/usr/bin/make -j8 -f &quot;/Users/yanan/CLionProjects/untitled1/cmake-build-debug/Makefile&quot;  VERBOSE=1 clean"/>
					<DistClean command="/usr/bin/make -j8 -f &quot;/Users/yanan/CLionProjects/untitled1/cmake-build-debug/Makefile&quot;  VERBOSE=1 clean"/>
				</MakeCommands>
			</Target>
			<Target title="e">
				<Option output="/Users/yanan/CLionProjects/untitled1/cmake-build-debug/e" prefix_auto="0" extension_auto="0"/>
				<Option working_dir="/Users/yanan/CLionProjects/untitled1/cmake-build-debug"/>
				<Option object_output="./"/>
				<Option type="1"/>
				<Option compiler="gcc"/>
				<Compiler>
					<Add directory="/Library/Developer/CommandLineTools/usr/include/c++/v1"/>
					<Add directory="/usr/local/include"/>
					<Add directory="/Library/Developer/CommandLineTools/usr/lib/clang/9.1.0/include"/>
					<Add directory="/Library/Developer/CommandLineTools/usr/include"/>
					<Add directory="/usr/include"/>
					<Add directory="/System/Library/Frameworks"/>
					<Add directory="/Library/Frameworks"/>
				</Compiler>
				<MakeCommands>
					<Build command="/usr/bin/make -j8 -f &quot;/Users/yanan/CLionProjects/untitled1/cmake-build-debug/Makefile&quot;  VERBOSE=1 e"/>
					<CompileFile command="/usr/bin/make -j8 -f &quot;/Users/yanan/CLionProjects/untitled1/cmake-build-debug/Makefile&quot;  VERBOSE=1 &quot;$file&quot;"/>
					<Clean command="/usr/bin/make -j8 -f &quot;/Users/yanan/CLionProjects/untitled1/cmake-build-debug/Makefile&quot;  VERBOSE=1 clean"/>
					<DistClean command="/usr/bin/make -j8 -f &quot;/Users/yanan/CLionProjects/untitled1/cmake-build-debug/Makefile&quot;  VERBOSE=1 clean"/>
				</MakeCommands>
			</Target>
			<Target title="e/fast">
				<Option output="/Users/yanan/CLionProjects/untitled1/cmake-build-debug/e" prefix_auto="0" extension_auto="0"/>
				<Option working_dir="/Users/yanan/CLionProjects/untitled1/cmake-build-debug"/>
				<Option object_output="./"/>
				<Option type="1"/>
				<Option compiler="gcc"/>
				<Compiler>
					<Add directory="/Library/Developer/CommandLineTools/usr/include/c++/v1"/>
					<Add directory="/usr/local/include"/>
					<Add directory="/Library/Developer/CommandLineTools/usr/lib/clang/9.1.0/include"/>
					<Add directory="/Library/Developer/CommandLineTools/usr/include"/>
					<Add directory="/usr/include"/>
					<Add directory="/System/Library/Frameworks"/>
					<Add directory="/Library/Frameworks"/>
				</Compiler>
				<MakeCommands>
					<Build command="/usr/bin/make -j8 -f &quot;/Users/yanan/CLionProjects/untitled1/cmake-build-debug/Makefile&quot;  VERBOSE=1 e/fast"/>
					<CompileFile command="/usr/bin/make -j8 -f &quot;/Users/yanan/CLionProjects/untitled1/cmake-build-debug/Makefile&quot;  VERBOSE=1 &quot;$file&quot;"/>
					<Clean command="/usr/bin/make -j8 -f &quot;/Users/yanan/CLionProjects/untitled1/cmake-build-debug/Makefile&quot;  VERBOSE=1 clean"/>
					<DistClean command="/usr/bin/make -j8 -f &quot;/Users/yanan/CLionProjects/untitled1/cmake-build-debug/Makefile&quot;  VERBOSE=1 clean"/>
				</MakeCommands>
			</Target>
			<Target title="c">
				<Option output="/Users/yanan/CLionProjects/untitled1/cmake-build-debug/c" prefix_auto="0" extension_auto="0"/>
				<Option working_dir="/Users/yanan/CLionProjects/untitled1/cmake-build-debug"/>
				<Option object_output="./"/>
				<Option type="1"/>
				<Option compiler="gcc"/>
				<Compiler>
					<Add directory="/Library/Developer/CommandLineTools/usr/include/c++/v1"/>
					<Add directory="/usr/local/include"/>
					<Add directory="/Library/Developer/CommandLineTools/usr/lib/clang/9.1.0/include"/>
					<Add directory="/Library/Developer/CommandLineTools/usr/include"/>
					<Add directory="/usr/include"/>
					<Add directory="/System/Library/Frameworks"/>
					<Add directory="/Library/Frameworks"/>
				</Compiler>
				<MakeCommands>
					<Build command="/usr/bin/make -j8 -f &quot;/Users/yanan/CLionProjects/untitled1/cmake-build-debug/Makefile&quot;  VERBOSE=1 c"/>
					<CompileFile command="/usr/bin/make -j8 -f &quot;/Users/yanan/CLionProjects/untitled1/cmake-build-debug/Makefile&quot;  VERBOSE=1 &quot;$file&quot;"/>
					<Clean command="/usr/bin/make -j8 -f &quot;/Users/yanan/CLionProjects/untitled1/cmake-build-debug/Makefile&quot;  VERBOSE=1 clean"/>
					<DistClean command="/usr/bin/make -j8 -f &quot;/Users/yanan/CLionProjects/untitled1/cmake-build-debug/Makefile&quot;  VERBOSE=1 clean"/>
				</MakeCommands>
			</Target>
			<Target title="c/fast">
				<Option output="/Users/yanan/CLionProjects/untitled1/cmake-build-debug/c" prefix_auto="0" extension_auto="0"/>
				<Option working_dir="/Users/yanan/CLionProjects/untitled1/cmake-build-debug"/>
				<Option object_output="./"/>
				<Option type="1"/>
				<Option compiler="gcc"/>
				<Compiler>
					<Add directory="/Library/Developer/CommandLineTools/usr/include/c++/v1"/>
					<Add directory="/usr/local/include"/>
					<Add directory="/Library/Developer/CommandLineTools/usr/lib/clang/9.1.0/include"/>
					<Add directory="/Library/Developer/CommandLineTools/usr/include"/>
					<Add directory="/usr/include"/>
					<Add directory="/System/Library/Frameworks"/>
					<Add directory="/Library/Frameworks"/>
				</Compiler>
				<MakeCommands>
					<Build command="/usr/bin/make -j8 -f &quot;/Users/yanan/CLionProjects/untitled1/cmake-build-debug/Makefile&quot;  VERBOSE=1 c/fast"/>
					<CompileFile command="/usr/bin/make -j8 -f &quot;/Users/yanan/CLionProjects/untitled1/cmake-build-debug/Makefile&quot;  VERBOSE=1 &quot;$file&quot;"/>
					<Clean command="/usr/bin/make -j8 -f &quot;/Users/yanan/CLionProjects/untitled1/cmake-build-debug/Makefile&quot;  VERBOSE=1 clean"/>
					<DistClean command="/usr/bin/make -j8 -f &quot;/Users/yanan/CLionProjects/untitled1/cmake-build-debug/Makefile&quot;  VERBOSE=1 clean"/>
				</MakeCommands>
			</Target>
			<Target title="b">
				<Option output="/Users/yanan/CLionProjects/untitled1/cmake-build-debug/b" prefix_auto="0" extension_auto="0"/>
				<Option working_dir="/Users/yanan/CLionProjects/untitled1/cmake-build-debug"/>
				<Option object_output="./"/>
				<Option type="1"/>
				<Option compiler="gcc"/>
				<Compiler>
					<Add directory="/Library/Developer/CommandLineTools/usr/include/c++/v1"/>
					<Add directory="/usr/local/include"/>
					<Add directory="/Library/Developer/CommandLineTools/usr/lib/clang/9.1.0/include"/>
					<Add directory="/Library/Developer/CommandLineTools/usr/include"/>
					<Add directory="/usr/include"/>
					<Add directory="/System/Library/Frameworks"/>
					<Add directory="/Library/Frameworks"/>
				</Compiler>
				<MakeCommands>
					<Build command="/usr/bin/make -j8 -f &quot;/Users/yanan/CLionProjects/untitled1/cmake-build-debug/Makefile&quot;  VERBOSE=1 b"/>
					<CompileFile command="/usr/bin/make -j8 -f &quot;/Users/yanan/CLionProjects/untitled1/cmake-build-debug/Makefile&quot;  VERBOSE=1 &quot;$file&quot;"/>
					<Clean command="/usr/bin/make -j8 -f &quot;/Users/yanan/CLionProjects/untitled1/cmake-build-debug/Makefile&quot;  VERBOSE=1 clean"/>
					<DistClean command="/usr/bin/make -j8 -f &quot;/Users/yanan/CLionProjects/untitled1/cmake-build-debug/Makefile&quot;  VERBOSE=1 clean"/>
				</MakeCommands>
			</Target>
			<Target title="b/fast">
				<Option output="/Users/yanan/CLionProjects/untitled1/cmake-build-debug/b" prefix_auto="0" extension_auto="0"/>
				<Option working_dir="/Users/yanan/CLionProjects/untitled1/cmake-build-debug"/>
				<Option object_output="./"/>
				<Option type="1"/>
				<Option compiler="gcc"/>
				<Compiler>
					<Add directory="/Library/Developer/CommandLineTools/usr/include/c++/v1"/>
					<Add directory="/usr/local/include"/>
					<Add directory="/Library/Developer/CommandLineTools/usr/lib/clang/9.1.0/include"/>
					<Add directory="/Library/Developer/CommandLineTools/usr/include"/>
					<Add directory="/usr/include"/>
					<Add directory="/System/Library/Frameworks"/>
					<Add directory="/Library/Frameworks"/>
				</Compiler>
				<MakeCommands>
					<Build command="/usr/bin/make -j8 -f &quot;/Users/yanan/CLionProjects/untitled1/cmake-build-debug/Makefile&quot;  VERBOSE=1 b/fast"/>
					<CompileFile command="/usr/bin/make -j8 -f &quot;/Users/yanan/CLionProjects/untitled1/cmake-build-debug/Makefile&quot;  VERBOSE=1 &quot;$file&quot;"/>
					<Clean command="/usr/bin/make -j8 -f &quot;/Users/yanan/CLionProjects/untitled1/cmake-build-debug/Makefile&quot;  VERBOSE=1 clean"/>
					<DistClean command="/usr/bin/make -j8 -f &quot;/Users/yanan/CLionProjects/untitled1/cmake-build-debug/Makefile&quot;  VERBOSE=1 clean"/>
				</MakeCommands>
			</Target>
			<Target title="2">
				<Option output="/Users/yanan/CLionProjects/untitled1/cmake-build-debug/2" prefix_auto="0" extension_auto="0"/>
				<Option working_dir="/Users/yanan/CLionProjects/untitled1/cmake-build-debug"/>
				<Option object_output="./"/>
				<Option type="1"/>
				<Option compiler="gcc"/>
				<Compiler>
					<Add directory="/Library/Developer/CommandLineTools/usr/include/c++/v1"/>
					<Add directory="/usr/local/include"/>
					<Add directory="/Library/Developer/CommandLineTools/usr/lib/clang/9.1.0/include"/>
					<Add directory="/Library/Developer/CommandLineTools/usr/include"/>
					<Add directory="/usr/include"/>
					<Add directory="/System/Library/Frameworks"/>
					<Add directory="/Library/Frameworks"/>
				</Compiler>
				<MakeCommands>
					<Build command="/usr/bin/make -j8 -f &quot;/Users/yanan/CLionProjects/untitled1/cmake-build-debug/Makefile&quot;  VERBOSE=1 2"/>
					<CompileFile command="/usr/bin/make -j8 -f &quot;/Users/yanan/CLionProjects/untitled1/cmake-build-debug/Makefile&quot;  VERBOSE=1 &quot;$file&quot;"/>
					<Clean command="/usr/bin/make -j8 -f &quot;/Users/yanan/CLionProjects/untitled1/cmake-build-debug/Makefile&quot;  VERBOSE=1 clean"/>
					<DistClean command="/usr/bin/make -j8 -f &quot;/Users/yanan/CLionProjects/untitled1/cmake-build-debug/Makefile&quot;  VERBOSE=1 clean"/>
				</MakeCommands>
			</Target>
			<Target title="2/fast">
				<Option output="/Users/yanan/CLionProjects/untitled1/cmake-build-debug/2" prefix_auto="0" extension_auto="0"/>
				<Option working_dir="/Users/yanan/CLionProjects/untitled1/cmake-build-debug"/>
				<Option object_output="./"/>
				<Option type="1"/>
				<Option compiler="gcc"/>
				<Compiler>
					<Add directory="/Library/Developer/CommandLineTools/usr/include/c++/v1"/>
					<Add directory="/usr/local/include"/>
					<Add directory="/Library/Developer/CommandLineTools/usr/lib/clang/9.1.0/include"/>
					<Add directory="/Library/Developer/CommandLineTools/usr/include"/>
					<Add directory="/usr/include"/>
					<Add directory="/System/Library/Frameworks"/>
					<Add directory="/Library/Frameworks"/>
				</Compiler>
				<MakeCommands>
					<Build command="/usr/bin/make -j8 -f &quot;/Users/yanan/CLionProjects/untitled1/cmake-build-debug/Makefile&quot;  VERBOSE=1 2/fast"/>
					<CompileFile command="/usr/bin/make -j8 -f &quot;/Users/yanan/CLionProjects/untitled1/cmake-build-debug/Makefile&quot;  VERBOSE=1 &quot;$file&quot;"/>
					<Clean command="/usr/bin/make -j8 -f &quot;/Users/yanan/CLionProjects/untitled1/cmake-build-debug/Makefile&quot;  VERBOSE=1 clean"/>
					<DistClean command="/usr/bin/make -j8 -f &quot;/Users/yanan/CLionProjects/untitled1/cmake-build-debug/Makefile&quot;  VERBOSE=1 clean"/>
				</MakeCommands>
			</Target>
			<Target title="1">
				<Option output="/Users/yanan/CLionProjects/untitled1/cmake-build-debug/1" prefix_auto="0" extension_auto="0"/>
				<Option working_dir="/Users/yanan/CLionProjects/untitled1/cmake-build-debug"/>
				<Option object_output="./"/>
				<Option type="1"/>
				<Option compiler="gcc"/>
				<Compiler>
					<Add directory="/Library/Developer/CommandLineTools/usr/include/c++/v1"/>
					<Add directory="/usr/local/include"/>
					<Add directory="/Library/Developer/CommandLineTools/usr/lib/clang/9.1.0/include"/>
					<Add directory="/Library/Developer/CommandLineTools/usr/include"/>
					<Add directory="/usr/include"/>
					<Add directory="/System/Library/Frameworks"/>
					<Add directory="/Library/Frameworks"/>
				</Compiler>
				<MakeCommands>
					<Build command="/usr/bin/make -j8 -f &quot;/Users/yanan/CLionProjects/untitled1/cmake-build-debug/Makefile&quot;  VERBOSE=1 1"/>
					<CompileFile command="/usr/bin/make -j8 -f &quot;/Users/yanan/CLionProjects/untitled1/cmake-build-debug/Makefile&quot;  VERBOSE=1 &quot;$file&quot;"/>
					<Clean command="/usr/bin/make -j8 -f &quot;/Users/yanan/CLionProjects/untitled1/cmake-build-debug/Makefile&quot;  VERBOSE=1 clean"/>
					<DistClean command="/usr/bin/make -j8 -f &quot;/Users/yanan/CLionProjects/untitled1/cmake-build-debug/Makefile&quot;  VERBOSE=1 clean"/>
				</MakeCommands>
			</Target>
			<Target title="1/fast">
				<Option output="/Users/yanan/CLionProjects/untitled1/cmake-build-debug/1" prefix_auto="0" extension_auto="0"/>
				<Option working_dir="/Users/yanan/CLionProjects/untitled1/cmake-build-debug"/>
				<Option object_output="./"/>
				<Option type="1"/>
				<Option compiler="gcc"/>
				<Compiler>
					<Add directory="/Library/Developer/CommandLineTools/usr/include/c++/v1"/>
					<Add directory="/usr/local/include"/>
					<Add directory="/Library/Developer/CommandLineTools/usr/lib/clang/9.1.0/include"/>
					<Add directory="/Library/Developer/CommandLineTools/usr/include"/>
					<Add directory="/usr/include"/>
					<Add directory="/System/Library/Frameworks"/>
					<Add directory="/Library/Frameworks"/>
				</Compiler>
				<MakeCommands>
					<Build command="/usr/bin/make -j8 -f &quot;/Users/yanan/CLionProjects/untitled1/cmake-build-debug/Makefile&quot;  VERBOSE=1 1/fast"/>
					<CompileFile command="/usr/bin/make -j8 -f &quot;/Users/yanan/CLionProjects/untitled1/cmake-build-debug/Makefile&quot;  VERBOSE=1 &quot;$file&quot;"/>
					<Clean command="/usr/bin/make -j8 -f &quot;/Users/yanan/CLionProjects/untitled1/cmake-build-debug/Makefile&quot;  VERBOSE=1 clean"/>
					<DistClean command="/usr/bin/make -j8 -f &quot;/Users/yanan/CLionProjects/untitled1/cmake-build-debug/Makefile&quot;  VERBOSE=1 clean"/>
				</MakeCommands>
			</Target>
			<Target title="a">
				<Option output="/Users/yanan/CLionProjects/untitled1/cmake-build-debug/a" prefix_auto="0" extension_auto="0"/>
				<Option working_dir="/Users/yanan/CLionProjects/untitled1/cmake-build-debug"/>
				<Option object_output="./"/>
				<Option type="1"/>
				<Option compiler="gcc"/>
				<Compiler>
					<Add directory="/Library/Developer/CommandLineTools/usr/include/c++/v1"/>
					<Add directory="/usr/local/include"/>
					<Add directory="/Library/Developer/CommandLineTools/usr/lib/clang/9.1.0/include"/>
					<Add directory="/Library/Developer/CommandLineTools/usr/include"/>
					<Add directory="/usr/include"/>
					<Add directory="/System/Library/Frameworks"/>
					<Add directory="/Library/Frameworks"/>
				</Compiler>
				<MakeCommands>
					<Build command="/usr/bin/make -j8 -f &quot;/Users/yanan/CLionProjects/untitled1/cmake-build-debug/Makefile&quot;  VERBOSE=1 a"/>
					<CompileFile command="/usr/bin/make -j8 -f &quot;/Users/yanan/CLionProjects/untitled1/cmake-build-debug/Makefile&quot;  VERBOSE=1 &quot;$file&quot;"/>
					<Clean command="/usr/bin/make -j8 -f &quot;/Users/yanan/CLionProjects/untitled1/cmake-build-debug/Makefile&quot;  VERBOSE=1 clean"/>
					<DistClean command="/usr/bin/make -j8 -f &quot;/Users/yanan/CLionProjects/untitled1/cmake-build-debug/Makefile&quot;  VERBOSE=1 clean"/>
				</MakeCommands>
			</Target>
			<Target title="a/fast">
				<Option output="/Users/yanan/CLionProjects/untitled1/cmake-build-debug/a" prefix_auto="0" extension_auto="0"/>
				<Option working_dir="/Users/yanan/CLionProjects/untitled1/cmake-build-debug"/>
				<Option object_output="./"/>
				<Option type="1"/>
				<Option compiler="gcc"/>
				<Compiler>
					<Add directory="/Library/Developer/CommandLineTools/usr/include/c++/v1"/>
					<Add directory="/usr/local/include"/>
					<Add directory="/Library/Developer/CommandLineTools/usr/lib/clang/9.1.0/include"/>
					<Add directory="/Library/Developer/CommandLineTools/usr/include"/>
					<Add directory="/usr/include"/>
					<Add directory="/System/Library/Frameworks"/>
					<Add directory="/Library/Frameworks"/>
				</Compiler>
				<MakeCommands>
					<Build command="/usr/bin/make -j8 -f &quot;/Users/yanan/CLionProjects/untitled1/cmake-build-debug/Makefile&quot;  VERBOSE=1 a/fast"/>
					<CompileFile command="/usr/bin/make -j8 -f &quot;/Users/yanan/CLionProjects/untitled1/cmake-build-debug/Makefile&quot;  VERBOSE=1 &quot;$file&quot;"/>
					<Clean command="/usr/bin/make -j8 -f &quot;/Users/yanan/CLionProjects/untitled1/cmake-build-debug/Makefile&quot;  VERBOSE=1 clean"/>
					<DistClean command="/usr/bin/make -j8 -f &quot;/Users/yanan/CLionProjects/untitled1/cmake-build-debug/Makefile&quot;  VERBOSE=1 clean"/>
				</MakeCommands>
			</Target>
			<Target title="untitled1">
				<Option output="/Users/yanan/CLionProjects/untitled1/cmake-build-debug/untitled1" prefix_auto="0" extension_auto="0"/>
				<Option working_dir="/Users/yanan/CLionProjects/untitled1/cmake-build-debug"/>
				<Option object_output="./"/>
				<Option type="1"/>
				<Option compiler="gcc"/>
				<Compiler>
					<Add directory="/Library/Developer/CommandLineTools/usr/include/c++/v1"/>
					<Add directory="/usr/local/include"/>
					<Add directory="/Library/Developer/CommandLineTools/usr/lib/clang/9.1.0/include"/>
					<Add directory="/Library/Developer/CommandLineTools/usr/include"/>
					<Add directory="/usr/include"/>
					<Add directory="/System/Library/Frameworks"/>
					<Add directory="/Library/Frameworks"/>
				</Compiler>
				<MakeCommands>
					<Build command="/usr/bin/make -j8 -f &quot;/Users/yanan/CLionProjects/untitled1/cmake-build-debug/Makefile&quot;  VERBOSE=1 untitled1"/>
					<CompileFile command="/usr/bin/make -j8 -f &quot;/Users/yanan/CLionProjects/untitled1/cmake-build-debug/Makefile&quot;  VERBOSE=1 &quot;$file&quot;"/>
					<Clean command="/usr/bin/make -j8 -f &quot;/Users/yanan/CLionProjects/untitled1/cmake-build-debug/Makefile&quot;  VERBOSE=1 clean"/>
					<DistClean command="/usr/bin/make -j8 -f &quot;/Users/yanan/CLionProjects/untitled1/cmake-build-debug/Makefile&quot;  VERBOSE=1 clean"/>
				</MakeCommands>
			</Target>
			<Target title="untitled1/fast">
				<Option output="/Users/yanan/CLionProjects/untitled1/cmake-build-debug/untitled1" prefix_auto="0" extension_auto="0"/>
				<Option working_dir="/Users/yanan/CLionProjects/untitled1/cmake-build-debug"/>
				<Option object_output="./"/>
				<Option type="1"/>
				<Option compiler="gcc"/>
				<Compiler>
					<Add directory="/Library/Developer/CommandLineTools/usr/include/c++/v1"/>
					<Add directory="/usr/local/include"/>
					<Add directory="/Library/Developer/CommandLineTools/usr/lib/clang/9.1.0/include"/>
					<Add directory="/Library/Developer/CommandLineTools/usr/include"/>
					<Add directory="/usr/include"/>
					<Add directory="/System/Library/Frameworks"/>
					<Add directory="/Library/Frameworks"/>
				</Compiler>
				<MakeCommands>
					<Build command="/usr/bin/make -j8 -f &quot;/Users/yanan/CLionProjects/untitled1/cmake-build-debug/Makefile&quot;  VERBOSE=1 untitled1/fast"/>
					<CompileFile command="/usr/bin/make -j8 -f &quot;/Users/yanan/CLionProjects/untitled1/cmake-build-debug/Makefile&quot;  VERBOSE=1 &quot;$file&quot;"/>
					<Clean command="/usr/bin/make -j8 -f &quot;/Users/yanan/CLionProjects/untitled1/cmake-build-debug/Makefile&quot;  VERBOSE=1 clean"/>
					<DistClean command="/usr/bin/make -j8 -f &quot;/Users/yanan/CLionProjects/untitled1/cmake-build-debug/Makefile&quot;  VERBOSE=1 clean"/>
				</MakeCommands>
			</Target>
		</Build>
		<Unit filename="/Users/yanan/CLionProjects/untitled1/cmake-build-debug/1-13-.cpp">
			<Option target="1"/>
		</Unit>
		<Unit filename="/Users/yanan/CLionProjects/untitled1/cmake-build-debug/1-13.c">
			<Option target="2"/>
		</Unit>
		<Unit filename="/Users/yanan/CLionProjects/untitled1/cmake-build-debug/1-14.c">
			<Option target="3"/>
		</Unit>
		<Unit filename="/Users/yanan/CLionProjects/untitled1/cmake-build-debug/3-2.cpp">
			<Option target="j"/>
		</Unit>
		<Unit filename="/Users/yanan/CLionProjects/untitled1/cmake-build-debug/3-3.cpp">
			<Option target="o"/>
		</Unit>
		<Unit filename="/Users/yanan/CLionProjects/untitled1/cmake-build-debug/3-4-1.cpp">
			<Option target="q"/>
		</Unit>
		<Unit filename="/Users/yanan/CLionProjects/untitled1/cmake-build-debug/3-4.cpp">
			<Option target="p"/>
		</Unit>
		<Unit filename="/Users/yanan/CLionProjects/untitled1/cmake-build-debug/3-5-1.cpp">
			<Option target="r"/>
		</Unit>
		<Unit filename="/Users/yanan/CLionProjects/untitled1/cmake-build-debug/3-5-2.cpp">
			<Option target="s"/>
		</Unit>
		<Unit filename="/Users/yanan/CLionProjects/untitled1/cmake-build-debug/6-4.cpp">
			<Option target="g"/>
		</Unit>
		<Unit filename="/Users/yanan/CLionProjects/untitled1/cmake-build-debug/6-5.cpp">
			<Option target="i"/>
		</Unit>
		<Unit filename="/Users/yanan/CLionProjects/untitled1/cmake-build-debug/6-6.cpp">
			<Option target="h"/>
		</Unit>
		<Unit filename="/Users/yanan/CLionProjects/untitled1/cmake-build-debug/86.cpp">
			<Option target="k"/>
		</Unit>
		<Unit filename="/Users/yanan/CLionProjects/untitled1/cmake-build-debug/d.c">
			<Option target="e"/>
		</Unit>
		<Unit filename="/Users/yanan/CLionProjects/untitled1/cmake-build-debug/e3-2.cpp">
			<Option target="n"/>
		</Unit>
		<Unit filename="/Users/yanan/CLionProjects/untitled1/cmake-build-debug/exercise1-12.c">
			<Option target="1"/>
		</Unit>
		<Unit filename="/Users/yanan/CLionProjects/untitled1/cmake-build-debug/getword.c">
			<Option target="f"/>
		</Unit>
		<Unit filename="/Users/yanan/CLionProjects/untitled1/cmake-build-debug/p87.cpp">
			<Option target="l"/>
		</Unit>
		<Unit filename="/Users/yanan/CLionProjects/untitled1/cmake-build-debug/struct.c">
			<Option target="a"/>
		</Unit>
		<Unit filename="/Users/yanan/CLionProjects/untitled1/cmake-build-debug/struct1.c">
			<Option target="b"/>
		</Unit>
		<Unit filename="/Users/yanan/CLionProjects/untitled1/cmake-build-debug/struct2.c">
			<Option target="c"/>
		</Unit>
		<Unit filename="/Users/yanan/CLionProjects/untitled1/cmake-build-debug/test.cpp">
			<Option target="m"/>
		</Unit>
		<Unit filename="/Users/yanan/CLionProjects/untitled1/getline.c">
			<Option target="untitled1"/>
		</Unit>
		<Unit filename="/Users/yanan/CLionProjects/untitled1/main.cpp">
			<Option target="untitled1"/>
		</Unit>
		<Unit filename="/Users/yanan/CLionProjects/untitled1/CMakeLists.txt">
			<Option virtualFolder="CMake Files\"/>
		</Unit>
	</Project>
</CodeBlocks_project_file>
